
Microsoft Visual Studio Solution File, Format Version 12.00
# Visual Studio 15
VisualStudioVersion = 15.0.28307.645
MinimumVisualStudioVersion = 10.0.40219.1
Project("{9A19103F-16F7-4668-BE54-9A1E7A4F7556}") = "UserControl", "UserControl\UserControl.csproj", "{E90D00DF-5C8D-4E6F-B118-17D265869DF4}"
EndProject
Project("{FAE04EC0-301F-11D3-BF4B-00C04F79EFBC}") = "UserControlTests", "UserControlTests\UserControlTests.csproj", "{F2A1C0CD-F3F3-4EFA-B70F-CF090E250BF7}"
EndProject
Global
	GlobalSection(SolutionConfigurationPlatforms) = preSolution
		Debug|Any CPU = Debug|Any CPU
		Release|Any CPU = Release|Any CPU
	EndGlobalSection
	GlobalSection(ProjectConfigurationPlatforms) = postSolution
		{E90D00DF-5C8D-4E6F-B118-17D265869DF4}.Debug|Any CPU.ActiveCfg = Debug|Any CPU
		{E90D00DF-5C8D-4E6F-B118-17D265869DF4}.Debug|Any CPU.Build.0 = Debug|Any CPU
		{E90D00DF-5C8D-4E6F-B118-17D265869DF4}.Release|Any CPU.ActiveCfg = Release|Any CPU
		{E90D00DF-5C8D-4E6F-B118-17D265869DF4}.Release|Any CPU.Build.0 = Release|Any CPU
		{F2A1C0CD-F3F3-4EFA-B70F-CF090E250BF7}.Debug|Any CPU.ActiveCfg = Debug|Any CPU
		{F2A1C0CD-F3F3-4EFA-B70F-CF090E250BF7}.Debug|Any CPU.Build.0 = Debug|Any CPU
		{F2A1C0CD-F3F3-4EFA-B70F-CF090E250BF7}.Release|Any CPU.ActiveCfg = Release|Any CPU
		{F2A1C0CD-F3F3-4EFA-B70F-CF090E250BF7}.Release|Any CPU.Build.0 = Release|Any CPU
	EndGlobalSection
	GlobalSection(SolutionProperties) = preSolution
		HideSolutionNode = FALSE
	EndGlobalSection
	GlobalSection(ExtensibilityGlobals) = postSolution
		SolutionGuid = {F1D1724D-D717-48B5-AA4D-59DE737859EA}
	EndGlobalSection
EndGlobal
